
Microsoft Visual Studio Solution File, Format Version 12.00
Project("{8BC9CEB8-8B4A-11D0-8D11-00A0C91BC942}") = "Pong", "Pong\Pong.vcxproj", "{74E2C0EA-7C34-401D-B538-B974CD312B4F}"
EndProject
Global
	GlobalSection(SolutionConfigurationPlatforms) = preSolution
		Debug|Win32 = Debug|Win32
		Debug|x64 = Debug|x64
		Release|Win32 = Release|Win32
		Release|x64 = Release|x64
	EndGlobalSection
	GlobalSection(ProjectConfigurationPlatforms) = postSolution
		{74E2C0EA-7C34-401D-B538-B974CD312B4F}.Debug|Win32.ActiveCfg = Debug|Win32
		{74E2C0EA-7C34-401D-B538-B974CD312B4F}.Debug|Win32.Build.0 = Debug|Win32
		{74E2C0EA-7C34-401D-B538-B974CD312B4F}.Debug|x64.ActiveCfg = Debug|x64
		{74E2C0EA-7C34-401D-B538-B974CD312B4F}.Debug|x64.Build.0 = Debug|x64
		{74E2C0EA-7C34-401D-B538-B974CD312B4F}.Release|Win32.ActiveCfg = Release|Win32
		{74E2C0EA-7C34-401D-B538-B974CD312B4F}.Release|Win32.Build.0 = Release|Win32
		{74E2C0EA-7C34-401D-B538-B974CD312B4F}.Release|x64.ActiveCfg = Release|x64
		{74E2C0EA-7C34-401D-B538-B974CD312B4F}.Release|x64.Build.0 = Release|x64
	EndGlobalSection
EndGlobal
